{
  "name": "stack",
  "version": "1.0.0",
  "lockfileVersion": 1,
  "requires": true,
  "dependencies": {
    "@appliedblockchain/consul": {
      "version": "1.0.2",
      "resolved": "https://registry.npmjs.org/@appliedblockchain/consul/-/consul-1.0.2.tgz",
      "integrity": "sha512-+fZkH2i6im9ID/uMRuodXtnBzadl/pynyu+PuQPtwV5BrLi+TKsyP/N2E6IQ9abQks3w5mE+EiDXgdWqs6GHpA==",
      "requires": {
        "consul": "^0.34.0"
      }
    },
    "consul": {
      "version": "0.34.0",
      "resolved": "https://registry.npmjs.org/consul/-/consul-0.34.0.tgz",
      "integrity": "sha512-nMFq+GhTmhEp769U9FNRZplr9JnnngB3Tde3ptTCSt/lGeBGMnvGXjxGRcQyUgrs1z37/au7rUZDH1NZMehreA==",
      "requires": {
        "papi": "^0.29.0"
      }
    },
    "crontab": {
      "version": "1.2.0",
      "resolved": "https://registry.npmjs.org/crontab/-/crontab-1.2.0.tgz",
      "integrity": "sha512-OWjWXjT0Y8m4prqwA2pwy+njnOX8Udn7YdzruaiB4DZdxduH6uDMkS5RPgCFr7NMFNfIcYCGsyzAI9/zctnRSQ==",
      "requires": {
        "underscore": "^1.6.0"
      }
    },
    "node-cron": {
      "version": "2.0.3",
      "resolved": "https://registry.npmjs.org/node-cron/-/node-cron-2.0.3.tgz",
      "integrity": "sha512-eJI+QitXlwcgiZwNNSRbqsjeZMp5shyajMR81RZCqeW0ZDEj4zU9tpd4nTh/1JsBiKbF8d08FCewiipDmVIYjg==",
      "requires": {
        "opencollective-postinstall": "^2.0.0",
        "tz-offset": "0.0.1"
      }
    },
    "opencollective-postinstall": {
      "version": "2.0.1",
      "resolved": "https://registry.npmjs.org/opencollective-postinstall/-/opencollective-postinstall-2.0.1.tgz",
      "integrity": "sha512-saQQ9hjLwu/oS0492eyYotoh+bra1819cfAT5rjY/e4REWwuc8IgZ844Oo44SiftWcJuBiqp0SA0BFVbmLX0IQ=="
    },
    "papi": {
      "version": "0.29.0",
      "resolved": "https://registry.npmjs.org/papi/-/papi-0.29.0.tgz",
      "integrity": "sha512-NnZp1pBF0Bt8yV+XX6ejuWfpO6YOt6zUKqZLnpYyZz8MHyWa9jvjNH+oi4NDU3+47CAlpivrl0evekamSbOViQ=="
    },
    "tz-offset": {
      "version": "0.0.1",
      "resolved": "https://registry.npmjs.org/tz-offset/-/tz-offset-0.0.1.tgz",
      "integrity": "sha512-kMBmblijHJXyOpKzgDhKx9INYU4u4E1RPMB0HqmKSgWG8vEcf3exEfLh4FFfzd3xdQOw9EuIy/cP0akY6rHopQ=="
    },
    "underscore": {
      "version": "1.9.1",
      "resolved": "https://registry.npmjs.org/underscore/-/underscore-1.9.1.tgz",
      "integrity": "sha512-5/4etnCkd9c8gwgowi5/om/mYO5ajCaOgdzj/oW+0eQV9WxKBDZw5+ycmKmeaTXjInS/W0BzpGLo2xR2aBwZdg=="
    }
  }
}
